
Microsoft Visual Studio Solution File, Format Version 12.00
# Visual Studio Version 16
VisualStudioVersion = 16.0.31019.35
MinimumVisualStudioVersion = 10.0.40219.1
Project("{FAE04EC0-301F-11D3-BF4B-00C04F79EFBC}") = "Apito-Agent-Functions", "Apito-Agent-Functions.csproj", "{EF639B2F-5BC5-4C84-8AC5-4E5F95C92395}"
EndProject
Global
	GlobalSection(SolutionConfigurationPlatforms) = preSolution
		Debug|Any CPU = Debug|Any CPU
		Release|Any CPU = Release|Any CPU
	EndGlobalSection
	GlobalSection(ProjectConfigurationPlatforms) = postSolution
		{EF639B2F-5BC5-4C84-8AC5-4E5F95C92395}.Debug|Any CPU.ActiveCfg = Debug|Any CPU
		{EF639B2F-5BC5-4C84-8AC5-4E5F95C92395}.Debug|Any CPU.Build.0 = Debug|Any CPU
		{EF639B2F-5BC5-4C84-8AC5-4E5F95C92395}.Release|Any CPU.ActiveCfg = Release|Any CPU
		{EF639B2F-5BC5-4C84-8AC5-4E5F95C92395}.Release|Any CPU.Build.0 = Release|Any CPU
	EndGlobalSection
	GlobalSection(SolutionProperties) = preSolution
		HideSolutionNode = FALSE
	EndGlobalSection
	GlobalSection(ExtensibilityGlobals) = postSolution
		SolutionGuid = {6D70C1EB-6E5F-4089-A33C-913D3DDCC869}
	EndGlobalSection
EndGlobal
